
Microsoft Visual Studio Solution File, Format Version 12.00
# Visual Studio Version 16
VisualStudioVersion = 16.0.29709.97
MinimumVisualStudioVersion = 10.0.40219.1
Project("{9A19103F-16F7-4668-BE54-9A1E7A4F7556}") = "NightCore.Interop.D3DCompiler", "D3DCompiler\NightCore.Interop.D3DCompiler.csproj", "{0085E5AC-7BCC-4B86-90BA-7E96CB9CDD36}"
EndProject
Global
	GlobalSection(SolutionConfigurationPlatforms) = preSolution
		Debug|Any CPU = Debug|Any CPU
		Release|Any CPU = Release|Any CPU
	EndGlobalSection
	GlobalSection(ProjectConfigurationPlatforms) = postSolution
		{0085E5AC-7BCC-4B86-90BA-7E96CB9CDD36}.Debug|Any CPU.ActiveCfg = Debug|Any CPU
		{0085E5AC-7BCC-4B86-90BA-7E96CB9CDD36}.Debug|Any CPU.Build.0 = Debug|Any CPU
		{0085E5AC-7BCC-4B86-90BA-7E96CB9CDD36}.Release|Any CPU.ActiveCfg = Release|Any CPU
		{0085E5AC-7BCC-4B86-90BA-7E96CB9CDD36}.Release|Any CPU.Build.0 = Release|Any CPU
	EndGlobalSection
	GlobalSection(SolutionProperties) = preSolution
		HideSolutionNode = FALSE
	EndGlobalSection
	GlobalSection(ExtensibilityGlobals) = postSolution
		SolutionGuid = {C2C4E6FC-B100-4870-9608-FB91A3C212D4}
	EndGlobalSection
EndGlobal
